// !$*UTF8*$!
{
	archiveVersion = 1;
	classes = {
	};
	objectVersion = 77;
	objects = {

/* Begin PBXBuildFile section */
		52667D1E2DF4C5D800E00C3A /* StoreKit.framework in Frameworks */ = {isa = PBXBuildFile; fileRef = 52667D1D2DF4C5D800E00C3A /* StoreKit.framework */; };
		52667D252DF4D21500E00C3A /* RevenueCat in Frameworks */ = {isa = PBXBuildFile; productRef = 52667D242DF4D21500E00C3A /* RevenueCat */; };
		52667D272DF4D21500E00C3A /* RevenueCatUI in Frameworks */ = {isa = PBXBuildFile; productRef = 52667D262DF4D21500E00C3A /* RevenueCatUI */; };
		52AB14BB2DB1BB8500131A72 /* GameKit.framework in Frameworks */ = {isa = PBXBuildFile; fileRef = 52AB14BA2DB1BB8500131A72 /* GameKit.framework */; };
/* End PBXBuildFile section */

/* Begin PBXContainerItemProxy section */
		52AB14802DB1B78F00131A72 /* PBXContainerItemProxy */ = {
			isa = PBXContainerItemProxy;
			containerPortal = 52AB146A2DB1B78E00131A72 /* Project object */;
			proxyType = 1;
			remoteGlobalIDString = 52AB14712DB1B78E00131A72;
			remoteInfo = "Multiplayer Blackjack V2";
		};
		52AB148A2DB1B78F00131A72 /* PBXContainerItemProxy */ = {
			isa = PBXContainerItemProxy;
			containerPortal = 52AB146A2DB1B78E00131A72 /* Project object */;
			proxyType = 1;
			remoteGlobalIDString = 52AB14712DB1B78E00131A72;
			remoteInfo = "Multiplayer Blackjack V2";
		};
/* End PBXContainerItemProxy section */

/* Begin PBXFileReference section */
		52667D1D2DF4C5D800E00C3A /* StoreKit.framework */ = {isa = PBXFileReference; lastKnownFileType = wrapper.framework; name = StoreKit.framework; path = System/Library/Frameworks/StoreKit.framework; sourceTree = SDKROOT; };
		52AB14722DB1B78E00131A72 /* Blackjack - No Ads.app */ = {isa = PBXFileReference; explicitFileType = wrapper.application; includeInIndex = 0; path = "Blackjack - No Ads.app"; sourceTree = BUILT_PRODUCTS_DIR; };
		52AB147F2DB1B78F00131A72 /* Blackjack - No AdsTests.xctest */ = {isa = PBXFileReference; explicitFileType = wrapper.cfbundle; includeInIndex = 0; path = "Blackjack - No AdsTests.xctest"; sourceTree = BUILT_PRODUCTS_DIR; };
		52AB14892DB1B78F00131A72 /* Blackjack - No AdsUITests.xctest */ = {isa = PBXFileReference; explicitFileType = wrapper.cfbundle; includeInIndex = 0; path = "Blackjack - No AdsUITests.xctest"; sourceTree = BUILT_PRODUCTS_DIR; };
		52AB14BA2DB1BB8500131A72 /* GameKit.framework */ = {isa = PBXFileReference; lastKnownFileType = wrapper.framework; name = GameKit.framework; path = System/Library/Frameworks/GameKit.framework; sourceTree = SDKROOT; };
/* End PBXFileReference section */

/* Begin PBXFileSystemSynchronizedRootGroup section */
		52AB14742DB1B78E00131A72 /* Multiplayer Blackjack V2 */ = {
			isa = PBXFileSystemSynchronizedRootGroup;
			path = "Multiplayer Blackjack V2";
			sourceTree = "<group>";
		};
		52AB14822DB1B78F00131A72 /* Multiplayer Blackjack V2Tests */ = {
			isa = PBXFileSystemSynchronizedRootGroup;
			path = "Multiplayer Blackjack V2Tests";
			sourceTree = "<group>";
		};
		52AB148C2DB1B78F00131A72 /* Multiplayer Blackjack V2UITests */ = {
			isa = PBXFileSystemSynchronizedRootGroup;
			path = "Multiplayer Blackjack V2UITests";
			sourceTree = "<group>";
		};
/* End PBXFileSystemSynchronizedRootGroup section */

/* Begin PBXFrameworksBuildPhase section */
		52AB146F2DB1B78E00131A72 /* Frameworks */ = {
			isa = PBXFrameworksBuildPhase;
			buildActionMask = 2147483647;
			files = (
				52667D272DF4D21500E00C3A /* RevenueCatUI in Frameworks */,
				52AB14BB2DB1BB8500131A72 /* GameKit.framework in Frameworks */,
				52667D1E2DF4C5D800E00C3A /* StoreKit.framework in Frameworks */,
				52667D252DF4D21500E00C3A /* RevenueCat in Frameworks */,
			);
			runOnlyForDeploymentPostprocessing = 0;
		};
		52AB147C2DB1B78F00131A72 /* Frameworks */ = {
			isa = PBXFrameworksBuildPhase;
			buildActionMask = 2147483647;
			files = (
			);
			runOnlyForDeploymentPostprocessing = 0;
		};
		52AB14862DB1B78F00131A72 /* Frameworks */ = {
			isa = PBXFrameworksBuildPhase;
			buildActionMask = 2147483647;
			files = (
			);
			runOnlyForDeploymentPostprocessing = 0;
		};
/* End PBXFrameworksBuildPhase section */

/* Begin PBXGroup section */
		52AB14692DB1B78E00131A72 = {
			isa = PBXGroup;
			children = (
				52AB14742DB1B78E00131A72 /* Multiplayer Blackjack V2 */,
				52AB14822DB1B78F00131A72 /* Multiplayer Blackjack V2Tests */,
				52AB148C2DB1B78F00131A72 /* Multiplayer Blackjack V2UITests */,
				52AB14B92DB1BB8500131A72 /* Frameworks */,
				52AB14732DB1B78E00131A72 /* Products */,
			);
			sourceTree = "<group>";
		};
		52AB14732DB1B78E00131A72 /* Products */ = {
			isa = PBXGroup;
			children = (
				52AB14722DB1B78E00131A72 /* Blackjack - No Ads.app */,
				52AB147F2DB1B78F00131A72 /* Blackjack - No AdsTests.xctest */,
				52AB14892DB1B78F00131A72 /* Blackjack - No AdsUITests.xctest */,
			);
			name = Products;
			sourceTree = "<group>";
		};
		52AB14B92DB1BB8500131A72 /* Frameworks */ = {
			isa = PBXGroup;
			children = (
				52667D1D2DF4C5D800E00C3A /* StoreKit.framework */,
				52AB14BA2DB1BB8500131A72 /* GameKit.framework */,
			);
			name = Frameworks;
			sourceTree = "<group>";
		};
/* End PBXGroup section */

/* Begin PBXNativeTarget section */
		52AB14712DB1B78E00131A72 /* Blackjack - No Ads */ = {
			isa = PBXNativeTarget;
			buildConfigurationList = 52AB14932DB1B78F00131A72 /* Build configuration list for PBXNativeTarget "Blackjack - No Ads" */;
			buildPhases = (
				52AB146E2DB1B78E00131A72 /* Sources */,
				52AB146F2DB1B78E00131A72 /* Frameworks */,
				52AB14702DB1B78E00131A72 /* Resources */,
			);
			buildRules = (
			);
			dependencies = (
			);
			fileSystemSynchronizedGroups = (
				52AB14742DB1B78E00131A72 /* Multiplayer Blackjack V2 */,
			);
			name = "Blackjack - No Ads";
			packageProductDependencies = (
				52667D242DF4D21500E00C3A /* RevenueCat */,
				52667D262DF4D21500E00C3A /* RevenueCatUI */,
			);
			productName = "Multiplayer Blackjack V2";
			productReference = 52AB14722DB1B78E00131A72 /* Blackjack - No Ads.app */;
			productType = "com.apple.product-type.application";
		};
		52AB147E2DB1B78F00131A72 /* Blackjack - No AdsTests */ = {
			isa = PBXNativeTarget;
			buildConfigurationList = 52AB14962DB1B78F00131A72 /* Build configuration list for PBXNativeTarget "Blackjack - No AdsTests" */;
			buildPhases = (
				52AB147B2DB1B78F00131A72 /* Sources */,
				52AB147C2DB1B78F00131A72 /* Frameworks */,
				52AB147D2DB1B78F00131A72 /* Resources */,
			);
			buildRules = (
			);
			dependencies = (
				52AB14812DB1B78F00131A72 /* PBXTargetDependency */,
			);
			fileSystemSynchronizedGroups = (
				52AB14822DB1B78F00131A72 /* Multiplayer Blackjack V2Tests */,
			);
			name = "Blackjack - No AdsTests";
			packageProductDependencies = (
			);
			productName = "Multiplayer Blackjack V2Tests";
			productReference = 52AB147F2DB1B78F00131A72 /* Blackjack - No AdsTests.xctest */;
			productType = "com.apple.product-type.bundle.unit-test";
		};
		52AB14882DB1B78F00131A72 /* Blackjack - No AdsUITests */ = {
			isa = PBXNativeTarget;
			buildConfigurationList = 52AB14992DB1B78F00131A72 /* Build configuration list for PBXNativeTarget "Blackjack - No AdsUITests" */;
			buildPhases = (
				52AB14852DB1B78F00131A72 /* Sources */,
				52AB14862DB1B78F00131A72 /* Frameworks */,
				52AB14872DB1B78F00131A72 /* Resources */,
			);
			buildRules = (
			);
			dependencies = (
				52AB148B2DB1B78F00131A72 /* PBXTargetDependency */,
			);
			fileSystemSynchronizedGroups = (
				52AB148C2DB1B78F00131A72 /* Multiplayer Blackjack V2UITests */,
			);
			name = "Blackjack - No AdsUITests";
			packageProductDependencies = (
			);
			productName = "Multiplayer Blackjack V2UITests";
			productReference = 52AB14892DB1B78F00131A72 /* Blackjack - No AdsUITests.xctest */;
			productType = "com.apple.product-type.bundle.ui-testing";
		};
/* End PBXNativeTarget section */

/* Begin PBXProject section */
		52AB146A2DB1B78E00131A72 /* Project object */ = {
			isa = PBXProject;
			attributes = {
				BuildIndependentTargetsInParallel = 1;
				LastSwiftUpdateCheck = 1630;
				LastUpgradeCheck = 1640;
				TargetAttributes = {
					52AB14712DB1B78E00131A72 = {
						CreatedOnToolsVersion = 16.3;
					};
					52AB147E2DB1B78F00131A72 = {
						CreatedOnToolsVersion = 16.3;
						TestTargetID = 52AB14712DB1B78E00131A72;
					};
					52AB14882DB1B78F00131A72 = {
						CreatedOnToolsVersion = 16.3;
						TestTargetID = 52AB14712DB1B78E00131A72;
					};
				};
			};
			buildConfigurationList = 52AB146D2DB1B78E00131A72 /* Build configuration list for PBXProject "Blackjack - No Ads" */;
			developmentRegion = en;
			hasScannedForEncodings = 0;
			knownRegions = (
				en,
				Base,
			);
			mainGroup = 52AB14692DB1B78E00131A72;
			minimizedProjectReferenceProxies = 1;
			packageReferences = (
				52667D1F2DF4C61900E00C3A /* XCRemoteSwiftPackageReference "purchases-ios-spm" */,
			);
			preferredProjectObjectVersion = 77;
			productRefGroup = 52AB14732DB1B78E00131A72 /* Products */;
			projectDirPath = "";
			projectRoot = "";
			targets = (
				52AB14712DB1B78E00131A72 /* Blackjack - No Ads */,
				52AB147E2DB1B78F00131A72 /* Blackjack - No AdsTests */,
				52AB14882DB1B78F00131A72 /* Blackjack - No AdsUITests */,
			);
		};
/* End PBXProject section */

/* Begin PBXResourcesBuildPhase section */
		52AB14702DB1B78E00131A72 /* Resources */ = {
			isa = PBXResourcesBuildPhase;
			buildActionMask = 2147483647;
			files = (
			);
			runOnlyForDeploymentPostprocessing = 0;
		};
		52AB147D2DB1B78F00131A72 /* Resources */ = {
			isa = PBXResourcesBuildPhase;
			buildActionMask = 2147483647;
			files = (
			);
			runOnlyForDeploymentPostprocessing = 0;
		};
		52AB14872DB1B78F00131A72 /* Resources */ = {
			isa = PBXResourcesBuildPhase;
			buildActionMask = 2147483647;
			files = (
			);
			runOnlyForDeploymentPostprocessing = 0;
		};
/* End PBXResourcesBuildPhase section */

/* Begin PBXSourcesBuildPhase section */
		52AB146E2DB1B78E00131A72 /* Sources */ = {
			isa = PBXSourcesBuildPhase;
			buildActionMask = 2147483647;
			files = (
			);
			runOnlyForDeploymentPostprocessing = 0;
		};
		52AB147B2DB1B78F00131A72 /* Sources */ = {
			isa = PBXSourcesBuildPhase;
			buildActionMask = 2147483647;
			files = (
			);
			runOnlyForDeploymentPostprocessing = 0;
		};
		52AB14852DB1B78F00131A72 /* Sources */ = {
			isa = PBXSourcesBuildPhase;
			buildActionMask = 2147483647;
			files = (
			);
			runOnlyForDeploymentPostprocessing = 0;
		};
/* End PBXSourcesBuildPhase section */

/* Begin PBXTargetDependency section */
		52AB14812DB1B78F00131A72 /* PBXTargetDependency */ = {
			isa = PBXTargetDependency;
			target = 52AB14712DB1B78E00131A72 /* Blackjack - No Ads */;
			targetProxy = 52AB14802DB1B78F00131A72 /* PBXContainerItemProxy */;
		};
		52AB148B2DB1B78F00131A72 /* PBXTargetDependency */ = {
			isa = PBXTargetDependency;
			target = 52AB14712DB1B78E00131A72 /* Blackjack - No Ads */;
			targetProxy = 52AB148A2DB1B78F00131A72 /* PBXContainerItemProxy */;
		};
/* End PBXTargetDependency section */

/* Begin XCBuildConfiguration section */
		52AB14912DB1B78F00131A72 /* Debug */ = {
			isa = XCBuildConfiguration;
			buildSettings = {
				ALWAYS_SEARCH_USER_PATHS = NO;
				ASSETCATALOG_COMPILER_GENERATE_SWIFT_ASSET_SYMBOL_EXTENSIONS = YES;
				CLANG_ANALYZER_NONNULL = YES;
				CLANG_ANALYZER_NUMBER_OBJECT_CONVERSION = YES_AGGRESSIVE;
				CLANG_CXX_LANGUAGE_STANDARD = "gnu++20";
				CLANG_ENABLE_MODULES = YES;
				CLANG_ENABLE_OBJC_ARC = YES;
				CLANG_ENABLE_OBJC_WEAK = YES;
				CLANG_WARN_BLOCK_CAPTURE_AUTORELEASING = YES;
				CLANG_WARN_BOOL_CONVERSION = YES;
				CLANG_WARN_COMMA = YES;
				CLANG_WARN_CONSTANT_CONVERSION = YES;
				CLANG_WARN_DEPRECATED_OBJC_IMPLEMENTATIONS = YES;
				CLANG_WARN_DIRECT_OBJC_ISA_USAGE = YES_ERROR;
				CLANG_WARN_DOCUMENTATION_COMMENTS = YES;
				CLANG_WARN_EMPTY_BODY = YES;
				CLANG_WARN_ENUM_CONVERSION = YES;
				CLANG_WARN_INFINITE_RECURSION = YES;
				CLANG_WARN_INT_CONVERSION = YES;
				CLANG_WARN_NON_LITERAL_NULL_CONVERSION = YES;
				CLANG_WARN_OBJC_IMPLICIT_RETAIN_SELF = YES;
				CLANG_WARN_OBJC_LITERAL_CONVERSION = YES;
				CLANG_WARN_OBJC_ROOT_CLASS = YES_ERROR;
				CLANG_WARN_QUOTED_INCLUDE_IN_FRAMEWORK_HEADER = YES;
				CLANG_WARN_RANGE_LOOP_ANALYSIS = YES;
				CLANG_WARN_STRICT_PROTOTYPES = YES;
				CLANG_WARN_SUSPICIOUS_MOVE = YES;
				CLANG_WARN_UNGUARDED_AVAILABILITY = YES_AGGRESSIVE;
				CLANG_WARN_UNREACHABLE_CODE = YES;
				CLANG_WARN__DUPLICATE_METHOD_MATCH = YES;
				COPY_PHASE_STRIP = NO;
				DEBUG_INFORMATION_FORMAT = dwarf;
				DEVELOPMENT_TEAM = SM2KYQXJ5Z;
				ENABLE_STRICT_OBJC_MSGSEND = YES;
				ENABLE_TESTABILITY = YES;
				ENABLE_USER_SCRIPT_SANDBOXING = YES;
				GCC_C_LANGUAGE_STANDARD = gnu17;
				GCC_DYNAMIC_NO_PIC = NO;
				GCC_NO_COMMON_BLOCKS = YES;
				GCC_OPTIMIZATION_LEVEL = 0;
				GCC_PREPROCESSOR_DEFINITIONS = (
					"DEBUG=1",
					"$(inherited)",
				);
				GCC_WARN_64_TO_32_BIT_CONVERSION = YES;
				GCC_WARN_ABOUT_RETURN_TYPE = YES_ERROR;
				GCC_WARN_UNDECLARED_SELECTOR = YES;
				GCC_WARN_UNINITIALIZED_AUTOS = YES_AGGRESSIVE;
				GCC_WARN_UNUSED_FUNCTION = YES;
				GCC_WARN_UNUSED_VARIABLE = YES;
				IPHONEOS_DEPLOYMENT_TARGET = 18.4;
				LOCALIZATION_PREFERS_STRING_CATALOGS = YES;
				MTL_ENABLE_DEBUG_INFO = INCLUDE_SOURCE;
				MTL_FAST_MATH = YES;
				ONLY_ACTIVE_ARCH = YES;
				SDKROOT = iphoneos;
				SWIFT_ACTIVE_COMPILATION_CONDITIONS = "DEBUG $(inherited)";
				SWIFT_OPTIMIZATION_LEVEL = "-Onone";
			};
			name = Debug;
		};
		52AB14922DB1B78F00131A72 /* Release */ = {
			isa = XCBuildConfiguration;
			buildSettings = {
				ALWAYS_SEARCH_USER_PATHS = NO;
				ASSETCATALOG_COMPILER_GENERATE_SWIFT_ASSET_SYMBOL_EXTENSIONS = YES;
				CLANG_ANALYZER_NONNULL = YES;
				CLANG_ANALYZER_NUMBER_OBJECT_CONVERSION = YES_AGGRESSIVE;
				CLANG_CXX_LANGUAGE_STANDARD = "gnu++20";
				CLANG_ENABLE_MODULES = YES;
				CLANG_ENABLE_OBJC_ARC = YES;
				CLANG_ENABLE_OBJC_WEAK = YES;
				CLANG_WARN_BLOCK_CAPTURE_AUTORELEASING = YES;
				CLANG_WARN_BOOL_CONVERSION = YES;
				CLANG_WARN_COMMA = YES;
				CLANG_WARN_CONSTANT_CONVERSION = YES;
				CLANG_WARN_DEPRECATED_OBJC_IMPLEMENTATIONS = YES;
				CLANG_WARN_DIRECT_OBJC_ISA_USAGE = YES_ERROR;
				CLANG_WARN_DOCUMENTATION_COMMENTS = YES;
				CLANG_WARN_EMPTY_BODY = YES;
				CLANG_WARN_ENUM_CONVERSION = YES;
				CLANG_WARN_INFINITE_RECURSION = YES;
				CLANG_WARN_INT_CONVERSION = YES;
				CLANG_WARN_NON_LITERAL_NULL_CONVERSION = YES;
				CLANG_WARN_OBJC_IMPLICIT_RETAIN_SELF = YES;
				CLANG_WARN_OBJC_LITERAL_CONVERSION = YES;
				CLANG_WARN_OBJC_ROOT_CLASS = YES_ERROR;
				CLANG_WARN_QUOTED_INCLUDE_IN_FRAMEWORK_HEADER = YES;
				CLANG_WARN_RANGE_LOOP_ANALYSIS = YES;
				CLANG_WARN_STRICT_PROTOTYPES = YES;
				CLANG_WARN_SUSPICIOUS_MOVE = YES;
				CLANG_WARN_UNGUARDED_AVAILABILITY = YES_AGGRESSIVE;
				CLANG_WARN_UNREACHABLE_CODE = YES;
				CLANG_WARN__DUPLICATE_METHOD_MATCH = YES;
				COPY_PHASE_STRIP = NO;
				DEBUG_INFORMATION_FORMAT = "dwarf-with-dsym";
				DEVELOPMENT_TEAM = SM2KYQXJ5Z;
				ENABLE_NS_ASSERTIONS = NO;
				ENABLE_STRICT_OBJC_MSGSEND = YES;
				ENABLE_USER_SCRIPT_SANDBOXING = YES;
				GCC_C_LANGUAGE_STANDARD = gnu17;
				GCC_NO_COMMON_BLOCKS = YES;
				GCC_WARN_64_TO_32_BIT_CONVERSION = YES;
				GCC_WARN_ABOUT_RETURN_TYPE = YES_ERROR;
				GCC_WARN_UNDECLARED_SELECTOR = YES;
				GCC_WARN_UNINITIALIZED_AUTOS = YES_AGGRESSIVE;
				GCC_WARN_UNUSED_FUNCTION = YES;
				GCC_WARN_UNUSED_VARIABLE = YES;
				IPHONEOS_DEPLOYMENT_TARGET = 18.4;
				LOCALIZATION_PREFERS_STRING_CATALOGS = YES;
				MTL_ENABLE_DEBUG_INFO = NO;
				MTL_FAST_MATH = YES;
				SDKROOT = iphoneos;
				SWIFT_COMPILATION_MODE = wholemodule;
				VALIDATE_PRODUCT = YES;
			};
			name = Release;
		};
		52AB14942DB1B78F00131A72 /* Debug */ = {
			isa = XCBuildConfiguration;
			buildSettings = {
				ASSETCATALOG_COMPILER_APPICON_NAME = AppIcon;
				ASSETCATALOG_COMPILER_GLOBAL_ACCENT_COLOR_NAME = AccentColor;
				CODE_SIGN_ENTITLEMENTS = "Multiplayer Blackjack V2/Multiplayer Blackjack V2.entitlements";
				CODE_SIGN_STYLE = Automatic;
				CURRENT_PROJECT_VERSION = 1;
				ENABLE_PREVIEWS = YES;
				GENERATE_INFOPLIST_FILE = YES;
				INFOPLIST_KEY_UIApplicationSceneManifest_Generation = YES;
				INFOPLIST_KEY_UIApplicationSupportsIndirectInputEvents = YES;
				INFOPLIST_KEY_UILaunchScreen_Generation = YES;
				INFOPLIST_KEY_UIRequiresFullScreen = YES;
				INFOPLIST_KEY_UIStatusBarStyle = "";
				INFOPLIST_KEY_UISupportedInterfaceOrientations = UIInterfaceOrientationPortrait;
				LD_RUNPATH_SEARCH_PATHS = (
					"$(inherited)",
					"@executable_path/Frameworks",
				);
				MARKETING_VERSION = 3;
				PRODUCT_BUNDLE_IDENTIFIER = "App-Test.Multiplayer-Blackjack-V2";
				PRODUCT_NAME = "$(TARGET_NAME)";
				SUPPORTED_PLATFORMS = "iphoneos iphonesimulator";
				SUPPORTS_MACCATALYST = NO;
				SUPPORTS_MAC_DESIGNED_FOR_IPHONE_IPAD = NO;
				SUPPORTS_XR_DESIGNED_FOR_IPHONE_IPAD = NO;
				SWIFT_EMIT_LOC_STRINGS = YES;
				SWIFT_VERSION = 5.0;
				TARGETED_DEVICE_FAMILY = 1;
			};
			name = Debug;
		};
		52AB14952DB1B78F00131A72 /* Release */ = {
			isa = XCBuildConfiguration;
			buildSettings = {
				ASSETCATALOG_COMPILER_APPICON_NAME = AppIcon;
				ASSETCATALOG_COMPILER_GLOBAL_ACCENT_COLOR_NAME = AccentColor;
				CODE_SIGN_ENTITLEMENTS = "Multiplayer Blackjack V2/Multiplayer Blackjack V2.entitlements";
				CODE_SIGN_STYLE = Automatic;
				CURRENT_PROJECT_VERSION = 1;
				ENABLE_PREVIEWS = YES;
				GENERATE_INFOPLIST_FILE = YES;
				INFOPLIST_KEY_UIApplicationSceneManifest_Generation = YES;
				INFOPLIST_KEY_UIApplicationSupportsIndirectInputEvents = YES;
				INFOPLIST_KEY_UILaunchScreen_Generation = YES;
				INFOPLIST_KEY_UIRequiresFullScreen = YES;
				INFOPLIST_KEY_UIStatusBarStyle = "";
				INFOPLIST_KEY_UISupportedInterfaceOrientations = UIInterfaceOrientationPortrait;
				LD_RUNPATH_SEARCH_PATHS = (
					"$(inherited)",
					"@executable_path/Frameworks",
				);
				MARKETING_VERSION = 3;
				PRODUCT_BUNDLE_IDENTIFIER = "App-Test.Multiplayer-Blackjack-V2";
				PRODUCT_NAME = "$(TARGET_NAME)";
				SUPPORTED_PLATFORMS = "iphoneos iphonesimulator";
				SUPPORTS_MACCATALYST = NO;
				SUPPORTS_MAC_DESIGNED_FOR_IPHONE_IPAD = NO;
				SUPPORTS_XR_DESIGNED_FOR_IPHONE_IPAD = NO;
				SWIFT_EMIT_LOC_STRINGS = YES;
				SWIFT_VERSION = 5.0;
				TARGETED_DEVICE_FAMILY = 1;
			};
			name = Release;
		};
		52AB14972DB1B78F00131A72 /* Debug */ = {
			isa = XCBuildConfiguration;
			buildSettings = {
				BUNDLE_LOADER = "$(TEST_HOST)";
				CODE_SIGN_STYLE = Automatic;
				CURRENT_PROJECT_VERSION = 1;
				GENERATE_INFOPLIST_FILE = YES;
				IPHONEOS_DEPLOYMENT_TARGET = 18.4;
				MARKETING_VERSION = 1.0;
				PRODUCT_BUNDLE_IDENTIFIER = "App-Test.Multiplayer-Blackjack-V2Tests";
				PRODUCT_NAME = "$(TARGET_NAME)";
				SUPPORTED_PLATFORMS = "iphoneos iphonesimulator";
				SUPPORTS_MACCATALYST = NO;
				SUPPORTS_MAC_DESIGNED_FOR_IPHONE_IPAD = NO;
				SUPPORTS_XR_DESIGNED_FOR_IPHONE_IPAD = NO;
				SWIFT_EMIT_LOC_STRINGS = NO;
				SWIFT_VERSION = 5.0;
				TARGETED_DEVICE_FAMILY = 1;
				TEST_HOST = "$(BUILT_PRODUCTS_DIR)/Blackjack - No Ads.app/$(BUNDLE_EXECUTABLE_FOLDER_PATH)/Blackjack - No Ads";
			};
			name = Debug;
		};
		52AB14982DB1B78F00131A72 /* Release */ = {
			isa = XCBuildConfiguration;
			buildSettings = {
				BUNDLE_LOADER = "$(TEST_HOST)";
				CODE_SIGN_STYLE = Automatic;
				CURRENT_PROJECT_VERSION = 1;
				GENERATE_INFOPLIST_FILE = YES;
				IPHONEOS_DEPLOYMENT_TARGET = 18.4;
				MARKETING_VERSION = 1.0;
				PRODUCT_BUNDLE_IDENTIFIER = "App-Test.Multiplayer-Blackjack-V2Tests";
				PRODUCT_NAME = "$(TARGET_NAME)";
				SUPPORTED_PLATFORMS = "iphoneos iphonesimulator";
				SUPPORTS_MACCATALYST = NO;
				SUPPORTS_MAC_DESIGNED_FOR_IPHONE_IPAD = NO;
				SUPPORTS_XR_DESIGNED_FOR_IPHONE_IPAD = NO;
				SWIFT_EMIT_LOC_STRINGS = NO;
				SWIFT_VERSION = 5.0;
				TARGETED_DEVICE_FAMILY = 1;
				TEST_HOST = "$(BUILT_PRODUCTS_DIR)/Blackjack - No Ads.app/$(BUNDLE_EXECUTABLE_FOLDER_PATH)/Blackjack - No Ads";
			};
			name = Release;
		};
		52AB149A2DB1B78F00131A72 /* Debug */ = {
			isa = XCBuildConfiguration;
			buildSettings = {
				CODE_SIGN_STYLE = Automatic;
				CURRENT_PROJECT_VERSION = 1;
				GENERATE_INFOPLIST_FILE = YES;
				MARKETING_VERSION = 1.0;
				PRODUCT_BUNDLE_IDENTIFIER = "App-Test.Multiplayer-Blackjack-V2UITests";
				PRODUCT_NAME = "$(TARGET_NAME)";
				SUPPORTED_PLATFORMS = "iphoneos iphonesimulator";
				SUPPORTS_MACCATALYST = NO;
				SUPPORTS_MAC_DESIGNED_FOR_IPHONE_IPAD = NO;
				SUPPORTS_XR_DESIGNED_FOR_IPHONE_IPAD = NO;
				SWIFT_EMIT_LOC_STRINGS = NO;
				SWIFT_VERSION = 5.0;
				TARGETED_DEVICE_FAMILY = 1;
				TEST_TARGET_NAME = "Multiplayer Blackjack V2";
			};
			name = Debug;
		};
		52AB149B2DB1B78F00131A72 /* Release */ = {
			isa = XCBuildConfiguration;
			buildSettings = {
				CODE_SIGN_STYLE = Automatic;
				CURRENT_PROJECT_VERSION = 1;
				GENERATE_INFOPLIST_FILE = YES;
				MARKETING_VERSION = 1.0;
				PRODUCT_BUNDLE_IDENTIFIER = "App-Test.Multiplayer-Blackjack-V2UITests";
				PRODUCT_NAME = "$(TARGET_NAME)";
				SUPPORTED_PLATFORMS = "iphoneos iphonesimulator";
				SUPPORTS_MACCATALYST = NO;
				SUPPORTS_MAC_DESIGNED_FOR_IPHONE_IPAD = NO;
				SUPPORTS_XR_DESIGNED_FOR_IPHONE_IPAD = NO;
				SWIFT_EMIT_LOC_STRINGS = NO;
				SWIFT_VERSION = 5.0;
				TARGETED_DEVICE_FAMILY = 1;
				TEST_TARGET_NAME = "Multiplayer Blackjack V2";
			};
			name = Release;
		};
/* End XCBuildConfiguration section */

/* Begin XCConfigurationList section */
		52AB146D2DB1B78E00131A72 /* Build configuration list for PBXProject "Blackjack - No Ads" */ = {
			isa = XCConfigurationList;
			buildConfigurations = (
				52AB14912DB1B78F00131A72 /* Debug */,
				52AB14922DB1B78F00131A72 /* Release */,
			);
			defaultConfigurationIsVisible = 0;
			defaultConfigurationName = Release;
		};
		52AB14932DB1B78F00131A72 /* Build configuration list for PBXNativeTarget "Blackjack - No Ads" */ = {
			isa = XCConfigurationList;
			buildConfigurations = (
				52AB14942DB1B78F00131A72 /* Debug */,
				52AB14952DB1B78F00131A72 /* Release */,
			);
			defaultConfigurationIsVisible = 0;
			defaultConfigurationName = Release;
		};
		52AB14962DB1B78F00131A72 /* Build configuration list for PBXNativeTarget "Blackjack - No AdsTests" */ = {
			isa = XCConfigurationList;
			buildConfigurations = (
				52AB14972DB1B78F00131A72 /* Debug */,
				52AB14982DB1B78F00131A72 /* Release */,
			);
			defaultConfigurationIsVisible = 0;
			defaultConfigurationName = Release;
		};
		52AB14992DB1B78F00131A72 /* Build configuration list for PBXNativeTarget "Blackjack - No AdsUITests" */ = {
			isa = XCConfigurationList;
			buildConfigurations = (
				52AB149A2DB1B78F00131A72 /* Debug */,
				52AB149B2DB1B78F00131A72 /* Release */,
			);
			defaultConfigurationIsVisible = 0;
			defaultConfigurationName = Release;
		};
/* End XCConfigurationList section */

/* Begin XCRemoteSwiftPackageReference section */
		52667D1F2DF4C61900E00C3A /* XCRemoteSwiftPackageReference "purchases-ios-spm" */ = {
			isa = XCRemoteSwiftPackageReference;
			repositoryURL = "https://github.com/RevenueCat/purchases-ios-spm.git";
			requirement = {
				kind = upToNextMajorVersion;
				minimumVersion = 5.27.1;
			};
		};
/* End XCRemoteSwiftPackageReference section */

/* Begin XCSwiftPackageProductDependency section */
		52667D242DF4D21500E00C3A /* RevenueCat */ = {
			isa = XCSwiftPackageProductDependency;
			package = 52667D1F2DF4C61900E00C3A /* XCRemoteSwiftPackageReference "purchases-ios-spm" */;
			productName = RevenueCat;
		};
		52667D262DF4D21500E00C3A /* RevenueCatUI */ = {
			isa = XCSwiftPackageProductDependency;
			package = 52667D1F2DF4C61900E00C3A /* XCRemoteSwiftPackageReference "purchases-ios-spm" */;
			productName = RevenueCatUI;
		};
/* End XCSwiftPackageProductDependency section */
	};
	rootObject = 52AB146A2DB1B78E00131A72 /* Project object */;
}
