{
  "originHash" : "533de208f7207fdd36b99a2f0036707fca012c23defe0e4e99a820106aff336d",
  "pins" : [
    {
      "identity" : "purchases-ios-spm",
      "kind" : "remoteSourceControl",
      "location" : "https://github.com/RevenueCat/purchases-ios-spm.git",
      "state" : {
        "revision" : "0f7f5897afbf4cd411171d420e4d6cb5b46bc18d",
        "version" : "5.27.1"
      }
    }
  ],
  "version" : 3
}
